
Microsoft Visual Studio Solution File, Format Version 12.00
# Visual Studio Version 17
VisualStudioVersion = 17.0.32126.317
MinimumVisualStudioVersion = 10.0.40219.1
Project("{FAE04EC0-301F-11D3-BF4B-00C04F79EFBC}") = "EmployeeManagement.Web", "EmployeeManagement.Web\EmployeeManagement.Web.csproj", "{63BAADE4-42F5-4290-9B8D-B1745095DC3F}"
EndProject
Project("{FAE04EC0-301F-11D3-BF4B-00C04F79EFBC}") = "EmployeeManagement.Models", "EmployeeManagement.Models\EmployeeManagement.Models.csproj", "{875E7C0E-8D75-45CC-A14B-2974CC74F9E0}"
EndProject
Global
	GlobalSection(SolutionConfigurationPlatforms) = preSolution
		Debug|Any CPU = Debug|Any CPU
		Release|Any CPU = Release|Any CPU
	EndGlobalSection
	GlobalSection(ProjectConfigurationPlatforms) = postSolution
		{63BAADE4-42F5-4290-9B8D-B1745095DC3F}.Debug|Any CPU.ActiveCfg = Debug|Any CPU
		{63BAADE4-42F5-4290-9B8D-B1745095DC3F}.Debug|Any CPU.Build.0 = Debug|Any CPU
		{63BAADE4-42F5-4290-9B8D-B1745095DC3F}.Release|Any CPU.ActiveCfg = Release|Any CPU
		{63BAADE4-42F5-4290-9B8D-B1745095DC3F}.Release|Any CPU.Build.0 = Release|Any CPU
		{875E7C0E-8D75-45CC-A14B-2974CC74F9E0}.Debug|Any CPU.ActiveCfg = Debug|Any CPU
		{875E7C0E-8D75-45CC-A14B-2974CC74F9E0}.Debug|Any CPU.Build.0 = Debug|Any CPU
		{875E7C0E-8D75-45CC-A14B-2974CC74F9E0}.Release|Any CPU.ActiveCfg = Release|Any CPU
		{875E7C0E-8D75-45CC-A14B-2974CC74F9E0}.Release|Any CPU.Build.0 = Release|Any CPU
	EndGlobalSection
	GlobalSection(SolutionProperties) = preSolution
		HideSolutionNode = FALSE
	EndGlobalSection
	GlobalSection(ExtensibilityGlobals) = postSolution
		SolutionGuid = {44CE3651-45C0-4FFE-BAAF-6B7A48DAF1AE}
	EndGlobalSection
EndGlobal
